
Microsoft Visual Studio Solution File, Format Version 12.00
# Visual Studio Version 16
VisualStudioVersion = 16.0.29509.3
MinimumVisualStudioVersion = 10.0.40219.1
Project("{888888A0-9F3D-457C-B088-3A5042F75D52}") = "tempFlaskApp", "tempFlaskApp\tempFlaskApp.pyproj", "{9F04E91D-1C17-4790-A993-1E273662391D}"
EndProject
Global
	GlobalSection(SolutionConfigurationPlatforms) = preSolution
		Debug|Any CPU = Debug|Any CPU
		Release|Any CPU = Release|Any CPU
	EndGlobalSection
	GlobalSection(ProjectConfigurationPlatforms) = postSolution
		{9F04E91D-1C17-4790-A993-1E273662391D}.Debug|Any CPU.ActiveCfg = Debug|Any CPU
		{9F04E91D-1C17-4790-A993-1E273662391D}.Debug|Any CPU.Build.0 = Debug|Any CPU
		{9F04E91D-1C17-4790-A993-1E273662391D}.Release|Any CPU.ActiveCfg = Release|Any CPU
		{9F04E91D-1C17-4790-A993-1E273662391D}.Release|Any CPU.Build.0 = Release|Any CPU
	EndGlobalSection
	GlobalSection(SolutionProperties) = preSolution
		HideSolutionNode = FALSE
	EndGlobalSection
	GlobalSection(ExtensibilityGlobals) = postSolution
		SolutionGuid = {65C9890F-CD2B-4B15-8F3A-B03BD24DFF8B}
	EndGlobalSection
EndGlobal
